// !$*UTF8*$!
{
	archiveVersion = 1;
	classes = {
	};
	objectVersion = 46;
	objects = {

/* Begin PBXBuildFile section */
		BC6066991AD4CA110086DF28 /* main.m in Sources */ = {isa = PBXBuildFile; fileRef = BC6066981AD4CA110086DF28 /* main.m */; };
		BC60669C1AD4CA110086DF28 /* AppDelegate.m in Sources */ = {isa = PBXBuildFile; fileRef = BC60669B1AD4CA110086DF28 /* AppDelegate.m */; };
		BC60669F1AD4CA110086DF28 /* ViewController.m in Sources */ = {isa = PBXBuildFile; fileRef = BC60669E1AD4CA110086DF28 /* ViewController.m */; };
		BC6066A21AD4CA110086DF28 /* Main.storyboard in Resources */ = {isa = PBXBuildFile; fileRef = BC6066A01AD4CA110086DF28 /* Main.storyboard */; };
		BC6066A41AD4CA110086DF28 /* Images.xcassets in Resources */ = {isa = PBXBuildFile; fileRef = BC6066A31AD4CA110086DF28 /* Images.xcassets */; };
		BC6066A71AD4CA110086DF28 /* LaunchScreen.xib in Resources */ = {isa = PBXBuildFile; fileRef = BC6066A51AD4CA110086DF28 /* LaunchScreen.xib */; };
		BC6066B31AD4CA110086DF28 /* testingTests.m in Sources */ = {isa = PBXBuildFile; fileRef = BC6066B21AD4CA110086DF28 /* testingTests.m */; };
/* End PBXBuildFile section */

/* Begin PBXContainerItemProxy section */
		BC6066AD1AD4CA110086DF28 /* PBXContainerItemProxy */ = {
			isa = PBXContainerItemProxy;
			containerPortal = BC60668B1AD4CA110086DF28 /* Project object */;
			proxyType = 1;
			remoteGlobalIDString = BC6066921AD4CA110086DF28;
			remoteInfo = testing;
		};
/* End PBXContainerItemProxy section */

/* Begin PBXFileReference section */
		BC6066931AD4CA110086DF28 /* testing.app */ = {isa = PBXFileReference; explicitFileType = wrapper.application; includeInIndex = 0; path = testing.app; sourceTree = BUILT_PRODUCTS_DIR; };
		BC6066971AD4CA110086DF28 /* Info.plist */ = {isa = PBXFileReference; lastKnownFileType = text.plist.xml; path = Info.plist; sourceTree = "<group>"; };
		BC6066981AD4CA110086DF28 /* main.m */ = {isa = PBXFileReference; lastKnownFileType = sourcecode.c.objc; path = main.m; sourceTree = "<group>"; };
		BC60669A1AD4CA110086DF28 /* AppDelegate.h */ = {isa = PBXFileReference; lastKnownFileType = sourcecode.c.h; path = AppDelegate.h; sourceTree = "<group>"; };
		BC60669B1AD4CA110086DF28 /* AppDelegate.m */ = {isa = PBXFileReference; lastKnownFileType = sourcecode.c.objc; path = AppDelegate.m; sourceTree = "<group>"; };
		BC60669D1AD4CA110086DF28 /* ViewController.h */ = {isa = PBXFileReference; lastKnownFileType = sourcecode.c.h; path = ViewController.h; sourceTree = "<group>"; };
		BC60669E1AD4CA110086DF28 /* ViewController.m */ = {isa = PBXFileReference; lastKnownFileType = sourcecode.c.objc; path = ViewController.m; sourceTree = "<group>"; };
		BC6066A11AD4CA110086DF28 /* Base */ = {isa = PBXFileReference; lastKnownFileType = file.storyboard; name = Base; path = Base.lproj/Main.storyboard; sourceTree = "<group>"; };
		BC6066A31AD4CA110086DF28 /* Images.xcassets */ = {isa = PBXFileReference; lastKnownFileType = folder.assetcatalog; path = Images.xcassets; sourceTree = "<group>"; };
		BC6066A61AD4CA110086DF28 /* Base */ = {isa = PBXFileReference; lastKnownFileType = file.xib; name = Base; path = Base.lproj/LaunchScreen.xib; sourceTree = "<group>"; };
		BC6066AC1AD4CA110086DF28 /* testingTests.xctest */ = {isa = PBXFileReference; explicitFileType = wrapper.cfbundle; includeInIndex = 0; path = testingTests.xctest; sourceTree = BUILT_PRODUCTS_DIR; };
		BC6066B11AD4CA110086DF28 /* Info.plist */ = {isa = PBXFileReference; lastKnownFileType = text.plist.xml; path = Info.plist; sourceTree = "<group>"; };
		BC6066B21AD4CA110086DF28 /* testingTests.m */ = {isa = PBXFileReference; lastKnownFileType = sourcecode.c.objc; path = testingTests.m; sourceTree = "<group>"; };
/* End PBXFileReference section */

/* Begin PBXFrameworksBuildPhase section */
		BC6066901AD4CA110086DF28 /* Frameworks */ = {
			isa = PBXFrameworksBuildPhase;
			buildActionMask = 2147483647;
			files = (
			);
			runOnlyForDeploymentPostprocessing = 0;
		};
		BC6066A91AD4CA110086DF28 /* Frameworks */ = {
			isa = PBXFrameworksBuildPhase;
			buildActionMask = 2147483647;
			files = (
			);
			runOnlyForDeploymentPostprocessing = 0;
		};
/* End PBXFrameworksBuildPhase section */

/* Begin PBXGroup section */
		BC60668A1AD4CA110086DF28 = {
			isa = PBXGroup;
			children = (
				BC6066951AD4CA110086DF28 /* testing */,
				BC6066AF1AD4CA110086DF28 /* testingTests */,
				BC6066941AD4CA110086DF28 /* Products */,
			);
			sourceTree = "<group>";
		};
		BC6066941AD4CA110086DF28 /* Products */ = {
			isa = PBXGroup;
			children = (
				BC6066931AD4CA110086DF28 /* testing.app */,
				BC6066AC1AD4CA110086DF28 /* testingTests.xctest */,
			);
			name = Products;
			sourceTree = "<group>";
		};
		BC6066951AD4CA110086DF28 /* testing */ = {
			isa = PBXGroup;
			children = (
				BC60669A1AD4CA110086DF28 /* AppDelegate.h */,
				BC60669B1AD4CA110086DF28 /* AppDelegate.m */,
				BC60669D1AD4CA110086DF28 /* ViewController.h */,
				BC60669E1AD4CA110086DF28 /* ViewController.m */,
				BC6066A01AD4CA110086DF28 /* Main.storyboard */,
				BC6066A31AD4CA110086DF28 /* Images.xcassets */,
				BC6066A51AD4CA110086DF28 /* LaunchScreen.xib */,
				BC6066961AD4CA110086DF28 /* Supporting Files */,
			);
			path = testing;
			sourceTree = "<group>";
		};
		BC6066961AD4CA110086DF28 /* Supporting Files */ = {
			isa = PBXGroup;
			children = (
				BC6066971AD4CA110086DF28 /* Info.plist */,
				BC6066981AD4CA110086DF28 /* main.m */,
			);
			name = "Supporting Files";
			sourceTree = "<group>";
		};
		BC6066AF1AD4CA110086DF28 /* testingTests */ = {
			isa = PBXGroup;
			children = (
				BC6066B21AD4CA110086DF28 /* testingTests.m */,
				BC6066B01AD4CA110086DF28 /* Supporting Files */,
			);
			path = testingTests;
			sourceTree = "<group>";
		};
		BC6066B01AD4CA110086DF28 /* Supporting Files */ = {
			isa = PBXGroup;
			children = (
				BC6066B11AD4CA110086DF28 /* Info.plist */,
			);
			name = "Supporting Files";
			sourceTree = "<group>";
		};
/* End PBXGroup section */

/* Begin PBXNativeTarget section */
		BC6066921AD4CA110086DF28 /* testing */ = {
			isa = PBXNativeTarget;
			buildConfigurationList = BC6066B61AD4CA110086DF28 /* Build configuration list for PBXNativeTarget "testing" */;
			buildPhases = (
				BC60668F1AD4CA110086DF28 /* Sources */,
				BC6066901AD4CA110086DF28 /* Frameworks */,
				BC6066911AD4CA110086DF28 /* Resources */,
			);
			buildRules = (
			);
			dependencies = (
			);
			name = testing;
			productName = testing;
			productReference = BC6066931AD4CA110086DF28 /* testing.app */;
			productType = "com.apple.product-type.application";
		};
		BC6066AB1AD4CA110086DF28 /* testingTests */ = {
			isa = PBXNativeTarget;
			buildConfigurationList = BC6066B91AD4CA110086DF28 /* Build configuration list for PBXNativeTarget "testingTests" */;
			buildPhases = (
				BC6066A81AD4CA110086DF28 /* Sources */,
				BC6066A91AD4CA110086DF28 /* Frameworks */,
				BC6066AA1AD4CA110086DF28 /* Resources */,
			);
			buildRules = (
			);
			dependencies = (
				BC6066AE1AD4CA110086DF28 /* PBXTargetDependency */,
			);
			name = testingTests;
			productName = testingTests;
			productReference = BC6066AC1AD4CA110086DF28 /* testingTests.xctest */;
			productType = "com.apple.product-type.bundle.unit-test";
		};
/* End PBXNativeTarget section */

/* Begin PBXProject section */
		BC60668B1AD4CA110086DF28 /* Project object */ = {
			isa = PBXProject;
			attributes = {
				LastUpgradeCheck = 0620;
				ORGANIZATIONNAME = "Edik Shklyar";
				TargetAttributes = {
					BC6066921AD4CA110086DF28 = {
						CreatedOnToolsVersion = 6.2;
					};
					BC6066AB1AD4CA110086DF28 = {
						CreatedOnToolsVersion = 6.2;
						TestTargetID = BC6066921AD4CA110086DF28;
					};
				};
			};
			buildConfigurationList = BC60668E1AD4CA110086DF28 /* Build configuration list for PBXProject "testing" */;
			compatibilityVersion = "Xcode 3.2";
			developmentRegion = English;
			hasScannedForEncodings = 0;
			knownRegions = (
				en,
				Base,
			);
			mainGroup = BC60668A1AD4CA110086DF28;
			productRefGroup = BC6066941AD4CA110086DF28 /* Products */;
			projectDirPath = "";
			projectRoot = "";
			targets = (
				BC6066921AD4CA110086DF28 /* testing */,
				BC6066AB1AD4CA110086DF28 /* testingTests */,
			);
		};
/* End PBXProject section */

/* Begin PBXResourcesBuildPhase section */
		BC6066911AD4CA110086DF28 /* Resources */ = {
			isa = PBXResourcesBuildPhase;
			buildActionMask = 2147483647;
			files = (
				BC6066A21AD4CA110086DF28 /* Main.storyboard in Resources */,
				BC6066A71AD4CA110086DF28 /* LaunchScreen.xib in Resources */,
				BC6066A41AD4CA110086DF28 /* Images.xcassets in Resources */,
			);
			runOnlyForDeploymentPostprocessing = 0;
		};
		BC6066AA1AD4CA110086DF28 /* Resources */ = {
			isa = PBXResourcesBuildPhase;
			buildActionMask = 2147483647;
			files = (
			);
			runOnlyForDeploymentPostprocessing = 0;
		};
/* End PBXResourcesBuildPhase section */

/* Begin PBXSourcesBuildPhase section */
		BC60668F1AD4CA110086DF28 /* Sources */ = {
			isa = PBXSourcesBuildPhase;
			buildActionMask = 2147483647;
			files = (
				BC60669F1AD4CA110086DF28 /* ViewController.m in Sources */,
				BC60669C1AD4CA110086DF28 /* AppDelegate.m in Sources */,
				BC6066991AD4CA110086DF28 /* main.m in Sources */,
			);
			runOnlyForDeploymentPostprocessing = 0;
		};
		BC6066A81AD4CA110086DF28 /* Sources */ = {
			isa = PBXSourcesBuildPhase;
			buildActionMask = 2147483647;
			files = (
				BC6066B31AD4CA110086DF28 /* testingTests.m in Sources */,
			);
			runOnlyForDeploymentPostprocessing = 0;
		};
/* End PBXSourcesBuildPhase section */

/* Begin PBXTargetDependency section */
		BC6066AE1AD4CA110086DF28 /* PBXTargetDependency */ = {
			isa = PBXTargetDependency;
			target = BC6066921AD4CA110086DF28 /* testing */;
			targetProxy = BC6066AD1AD4CA110086DF28 /* PBXContainerItemProxy */;
		};
/* End PBXTargetDependency section */

/* Begin PBXVariantGroup section */
		BC6066A01AD4CA110086DF28 /* Main.storyboard */ = {
			isa = PBXVariantGroup;
			children = (
				BC6066A11AD4CA110086DF28 /* Base */,
			);
			name = Main.storyboard;
			sourceTree = "<group>";
		};
		BC6066A51AD4CA110086DF28 /* LaunchScreen.xib */ = {
			isa = PBXVariantGroup;
			children = (
				BC6066A61AD4CA110086DF28 /* Base */,
			);
			name = LaunchScreen.xib;
			sourceTree = "<group>";
		};
/* End PBXVariantGroup section */

/* Begin XCBuildConfiguration section */
		BC6066B41AD4CA110086DF28 /* Debug */ = {
			isa = XCBuildConfiguration;
			buildSettings = {
				ALWAYS_SEARCH_USER_PATHS = NO;
				CLANG_CXX_LANGUAGE_STANDARD = "gnu++0x";
				CLANG_CXX_LIBRARY = "libc++";
				CLANG_ENABLE_MODULES = YES;
				CLANG_ENABLE_OBJC_ARC = YES;
				CLANG_WARN_BOOL_CONVERSION = YES;
				CLANG_WARN_CONSTANT_CONVERSION = YES;
				CLANG_WARN_DIRECT_OBJC_ISA_USAGE = YES_ERROR;
				CLANG_WARN_EMPTY_BODY = YES;
				CLANG_WARN_ENUM_CONVERSION = YES;
				CLANG_WARN_INT_CONVERSION = YES;
				CLANG_WARN_OBJC_ROOT_CLASS = YES_ERROR;
				CLANG_WARN_UNREACHABLE_CODE = YES;
				CLANG_WARN__DUPLICATE_METHOD_MATCH = YES;
				"CODE_SIGN_IDENTITY[sdk=iphoneos*]" = "iPhone Developer";
				COPY_PHASE_STRIP = NO;
				ENABLE_STRICT_OBJC_MSGSEND = YES;
				GCC_C_LANGUAGE_STANDARD = gnu99;
				GCC_DYNAMIC_NO_PIC = NO;
				GCC_OPTIMIZATION_LEVEL = 0;
				GCC_PREPROCESSOR_DEFINITIONS = (
					"DEBUG=1",
					"$(inherited)",
				);
				GCC_SYMBOLS_PRIVATE_EXTERN = NO;
				GCC_WARN_64_TO_32_BIT_CONVERSION = YES;
				GCC_WARN_ABOUT_RETURN_TYPE = YES_ERROR;
				GCC_WARN_UNDECLARED_SELECTOR = YES;
				GCC_WARN_UNINITIALIZED_AUTOS = YES_AGGRESSIVE;
				GCC_WARN_UNUSED_FUNCTION = YES;
				GCC_WARN_UNUSED_VARIABLE = YES;
				IPHONEOS_DEPLOYMENT_TARGET = 8.2;
				MTL_ENABLE_DEBUG_INFO = YES;
				ONLY_ACTIVE_ARCH = YES;
				SDKROOT = iphoneos;
			};
			name = Debug;
		};
		BC6066B51AD4CA110086DF28 /* Release */ = {
			isa = XCBuildConfiguration;
			buildSettings = {
				ALWAYS_SEARCH_USER_PATHS = NO;
				CLANG_CXX_LANGUAGE_STANDARD = "gnu++0x";
				CLANG_CXX_LIBRARY = "libc++";
				CLANG_ENABLE_MODULES = YES;
				CLANG_ENABLE_OBJC_ARC = YES;
				CLANG_WARN_BOOL_CONVERSION = YES;
				CLANG_WARN_CONSTANT_CONVERSION = YES;
				CLANG_WARN_DIRECT_OBJC_ISA_USAGE = YES_ERROR;
				CLANG_WARN_EMPTY_BODY = YES;
				CLANG_WARN_ENUM_CONVERSION = YES;
				CLANG_WARN_INT_CONVERSION = YES;
				CLANG_WARN_OBJC_ROOT_CLASS = YES_ERROR;
				CLANG_WARN_UNREACHABLE_CODE = YES;
				CLANG_WARN__DUPLICATE_METHOD_MATCH = YES;
				"CODE_SIGN_IDENTITY[sdk=iphoneos*]" = "iPhone Developer";
				COPY_PHASE_STRIP = NO;
				ENABLE_NS_ASSERTIONS = NO;
				ENABLE_STRICT_OBJC_MSGSEND = YES;
				GCC_C_LANGUAGE_STANDARD = gnu99;
				GCC_WARN_64_TO_32_BIT_CONVERSION = YES;
				GCC_WARN_ABOUT_RETURN_TYPE = YES_ERROR;
				GCC_WARN_UNDECLARED_SELECTOR = YES;
				GCC_WARN_UNINITIALIZED_AUTOS = YES_AGGRESSIVE;
				GCC_WARN_UNUSED_FUNCTION = YES;
				GCC_WARN_UNUSED_VARIABLE = YES;
				IPHONEOS_DEPLOYMENT_TARGET = 8.2;
				MTL_ENABLE_DEBUG_INFO = NO;
				SDKROOT = iphoneos;
				VALIDATE_PRODUCT = YES;
			};
			name = Release;
		};
		BC6066B71AD4CA110086DF28 /* Debug */ = {
			isa = XCBuildConfiguration;
			buildSettings = {
				ASSETCATALOG_COMPILER_APPICON_NAME = AppIcon;
				INFOPLIST_FILE = testing/Info.plist;
				LD_RUNPATH_SEARCH_PATHS = "$(inherited) @executable_path/Frameworks";
				PRODUCT_NAME = "$(TARGET_NAME)";
			};
			name = Debug;
		};
		BC6066B81AD4CA110086DF28 /* Release */ = {
			isa = XCBuildConfiguration;
			buildSettings = {
				ASSETCATALOG_COMPILER_APPICON_NAME = AppIcon;
				INFOPLIST_FILE = testing/Info.plist;
				LD_RUNPATH_SEARCH_PATHS = "$(inherited) @executable_path/Frameworks";
				PRODUCT_NAME = "$(TARGET_NAME)";
			};
			name = Release;
		};
		BC6066BA1AD4CA110086DF28 /* Debug */ = {
			isa = XCBuildConfiguration;
			buildSettings = {
				BUNDLE_LOADER = "$(TEST_HOST)";
				FRAMEWORK_SEARCH_PATHS = (
					"$(SDKROOT)/Developer/Library/Frameworks",
					"$(inherited)",
				);
				GCC_PREPROCESSOR_DEFINITIONS = (
					"DEBUG=1",
					"$(inherited)",
				);
				INFOPLIST_FILE = testingTests/Info.plist;
				LD_RUNPATH_SEARCH_PATHS = "$(inherited) @executable_path/Frameworks @loader_path/Frameworks";
				PRODUCT_NAME = "$(TARGET_NAME)";
				TEST_HOST = "$(BUILT_PRODUCTS_DIR)/testing.app/testing";
			};
			name = Debug;
		};
		BC6066BB1AD4CA110086DF28 /* Release */ = {
			isa = XCBuildConfiguration;
			buildSettings = {
				BUNDLE_LOADER = "$(TEST_HOST)";
				FRAMEWORK_SEARCH_PATHS = (
					"$(SDKROOT)/Developer/Library/Frameworks",
					"$(inherited)",
				);
				INFOPLIST_FILE = testingTests/Info.plist;
				LD_RUNPATH_SEARCH_PATHS = "$(inherited) @executable_path/Frameworks @loader_path/Frameworks";
				PRODUCT_NAME = "$(TARGET_NAME)";
				TEST_HOST = "$(BUILT_PRODUCTS_DIR)/testing.app/testing";
			};
			name = Release;
		};
/* End XCBuildConfiguration section */

/* Begin XCConfigurationList section */
		BC60668E1AD4CA110086DF28 /* Build configuration list for PBXProject "testing" */ = {
			isa = XCConfigurationList;
			buildConfigurations = (
				BC6066B41AD4CA110086DF28 /* Debug */,
				BC6066B51AD4CA110086DF28 /* Release */,
			);
			defaultConfigurationIsVisible = 0;
			defaultConfigurationName = Release;
		};
		BC6066B61AD4CA110086DF28 /* Build configuration list for PBXNativeTarget "testing" */ = {
			isa = XCConfigurationList;
			buildConfigurations = (
				BC6066B71AD4CA110086DF28 /* Debug */,
				BC6066B81AD4CA110086DF28 /* Release */,
			);
			defaultConfigurationIsVisible = 0;
		};
		BC6066B91AD4CA110086DF28 /* Build configuration list for PBXNativeTarget "testingTests" */ = {
			isa = XCConfigurationList;
			buildConfigurations = (
				BC6066BA1AD4CA110086DF28 /* Debug */,
				BC6066BB1AD4CA110086DF28 /* Release */,
			);
			defaultConfigurationIsVisible = 0;
		};
/* End XCConfigurationList section */
	};
	rootObject = BC60668B1AD4CA110086DF28 /* Project object */;
}
